// !$*UTF8*$!
{
	archiveVersion = 1;
	classes = {
	};
	objectVersion = 46;
	objects = {

/* Begin PBXBuildFile section */
		DD036B4416D3CF050050B001 /* libsqlite3.dylib in Frameworks */ = {isa = PBXBuildFile; fileRef = DD036B4316D3CF050050B001 /* libsqlite3.dylib */; };
		DD036B4E16D409200050B001 /* TBXML.m in Sources */ = {isa = PBXBuildFile; fileRef = DD036B4B16D409200050B001 /* TBXML.m */; };
		DD036B5516D475DD0050B001 /* noimage.png in Resources */ = {isa = PBXBuildFile; fileRef = DD036B5416D475DD0050B001 /* noimage.png */; };
		DD036B5716D4778D0050B001 /* noimage.png in Resources */ = {isa = PBXBuildFile; fileRef = DD036B5616D4778C0050B001 /* noimage.png */; };
		DD245B3316CF186C00F37A3E /* MoxGame.m in Sources */ = {isa = PBXBuildFile; fileRef = DD245B3216CF186C00F37A3E /* MoxGame.m */; };
		DD26369C16D51EA800C235BC /* Logomox.icns in Resources */ = {isa = PBXBuildFile; fileRef = DD26369B16D51EA800C235BC /* Logomox.icns */; };
		DD26369E16D51ED100C235BC /* Logomox.icns in Resources */ = {isa = PBXBuildFile; fileRef = DD26369D16D51ED100C235BC /* Logomox.icns */; };
		DD3DFA1A16D54226003E13A4 /* gamelist.cfg in Resources */ = {isa = PBXBuildFile; fileRef = DD3DFA1916D54226003E13A4 /* gamelist.cfg */; };
		DD3DFA1C16D54553003E13A4 /* paths.cfg in Resources */ = {isa = PBXBuildFile; fileRef = DD3DFA1B16D54553003E13A4 /* paths.cfg */; };
		DD4DB18916D1B248005C714B /* MoxConfigWindow.m in Sources */ = {isa = PBXBuildFile; fileRef = DD4DB18716D1B248005C714B /* MoxConfigWindow.m */; };
		DD4DB18A16D1B248005C714B /* MoxConfigWindow.xib in Resources */ = {isa = PBXBuildFile; fileRef = DD4DB18816D1B248005C714B /* MoxConfigWindow.xib */; };
		DD4DB1CD16D27CC2005C714B /* MOXConfigData.m in Sources */ = {isa = PBXBuildFile; fileRef = DD4DB1CC16D27CC2005C714B /* MOXConfigData.m */; };
		DDA63CFD16CEB8C50093F596 /* Cocoa.framework in Frameworks */ = {isa = PBXBuildFile; fileRef = DDA63CFC16CEB8C50093F596 /* Cocoa.framework */; };
		DDA63D0716CEB8C50093F596 /* InfoPlist.strings in Resources */ = {isa = PBXBuildFile; fileRef = DDA63D0516CEB8C50093F596 /* InfoPlist.strings */; };
		DDA63D0916CEB8C50093F596 /* main.m in Sources */ = {isa = PBXBuildFile; fileRef = DDA63D0816CEB8C50093F596 /* main.m */; };
		DDA63D0D16CEB8C50093F596 /* Credits.rtf in Resources */ = {isa = PBXBuildFile; fileRef = DDA63D0B16CEB8C50093F596 /* Credits.rtf */; };
		DDA63D1016CEB8C50093F596 /* MOXAppDelegate.m in Sources */ = {isa = PBXBuildFile; fileRef = DDA63D0F16CEB8C50093F596 /* MOXAppDelegate.m */; };
		DDA63D1316CEB8C60093F596 /* MainMenu.xib in Resources */ = {isa = PBXBuildFile; fileRef = DDA63D1116CEB8C60093F596 /* MainMenu.xib */; };
		DDA63D1B16CEB8C60093F596 /* SenTestingKit.framework in Frameworks */ = {isa = PBXBuildFile; fileRef = DDA63D1A16CEB8C60093F596 /* SenTestingKit.framework */; };
		DDA63D1C16CEB8C60093F596 /* Cocoa.framework in Frameworks */ = {isa = PBXBuildFile; fileRef = DDA63CFC16CEB8C50093F596 /* Cocoa.framework */; };
		DDA63D2416CEB8C60093F596 /* InfoPlist.strings in Resources */ = {isa = PBXBuildFile; fileRef = DDA63D2216CEB8C60093F596 /* InfoPlist.strings */; };
		DDA63D2716CEB8C60093F596 /* MOXTests.m in Sources */ = {isa = PBXBuildFile; fileRef = DDA63D2616CEB8C60093F596 /* MOXTests.m */; };
		DDF9337A16CEECCF0020F299 /* MOXMasterViewController.m in Sources */ = {isa = PBXBuildFile; fileRef = DDF9337816CEECCF0020F299 /* MOXMasterViewController.m */; };
		DDF9337B16CEECCF0020F299 /* MOXMasterViewController.xib in Resources */ = {isa = PBXBuildFile; fileRef = DDF9337916CEECCF0020F299 /* MOXMasterViewController.xib */; };
/* End PBXBuildFile section */

/* Begin PBXBuildRule section */
		DD036B4716D4007F0050B001 /* PBXBuildRule */ = {
			isa = PBXBuildRule;
			compilerSpec = com.apple.compilers.proxy.script;
			fileType = pattern.proxy;
			isEditable = 1;
			outputFiles = (
			);
		};
/* End PBXBuildRule section */

/* Begin PBXContainerItemProxy section */
		DDA63D1D16CEB8C60093F596 /* PBXContainerItemProxy */ = {
			isa = PBXContainerItemProxy;
			containerPortal = DDA63CEF16CEB8C50093F596 /* Project object */;
			proxyType = 1;
			remoteGlobalIDString = DDA63CF716CEB8C50093F596;
			remoteInfo = MOX;
		};
/* End PBXContainerItemProxy section */

/* Begin PBXFileReference section */
		DD036B4316D3CF050050B001 /* libsqlite3.dylib */ = {isa = PBXFileReference; lastKnownFileType = "compiled.mach-o.dylib"; name = libsqlite3.dylib; path = usr/lib/libsqlite3.dylib; sourceTree = SDKROOT; };
		DD036B4816D409100050B001 /* TBXML.h */ = {isa = PBXFileReference; fileEncoding = 4; lastKnownFileType = sourcecode.c.h; name = TBXML.h; path = "../../../Downloads/TBXML-master/TBXML-Headers/TBXML.h"; sourceTree = "<group>"; };
		DD036B4B16D409200050B001 /* TBXML.m */ = {isa = PBXFileReference; fileEncoding = 4; lastKnownFileType = sourcecode.c.objc; path = TBXML.m; sourceTree = "<group>"; };
		DD036B5416D475DD0050B001 /* noimage.png */ = {isa = PBXFileReference; lastKnownFileType = image.png; path = noimage.png; sourceTree = "<group>"; };
		DD036B5616D4778C0050B001 /* noimage.png */ = {isa = PBXFileReference; lastKnownFileType = image.png; path = noimage.png; sourceTree = "<group>"; };
		DD245B3116CF186C00F37A3E /* MoxGame.h */ = {isa = PBXFileReference; fileEncoding = 4; lastKnownFileType = sourcecode.c.h; path = MoxGame.h; sourceTree = "<group>"; };
		DD245B3216CF186C00F37A3E /* MoxGame.m */ = {isa = PBXFileReference; fileEncoding = 4; lastKnownFileType = sourcecode.c.objc; path = MoxGame.m; sourceTree = "<group>"; };
		DD26369B16D51EA800C235BC /* Logomox.icns */ = {isa = PBXFileReference; lastKnownFileType = image.icns; name = Logomox.icns; path = ../../Logomox.icns; sourceTree = "<group>"; };
		DD26369D16D51ED100C235BC /* Logomox.icns */ = {isa = PBXFileReference; lastKnownFileType = image.icns; path = Logomox.icns; sourceTree = "<group>"; };
		DD3DFA1916D54226003E13A4 /* gamelist.cfg */ = {isa = PBXFileReference; fileEncoding = 4; lastKnownFileType = text; path = gamelist.cfg; sourceTree = "<group>"; };
		DD3DFA1B16D54553003E13A4 /* paths.cfg */ = {isa = PBXFileReference; fileEncoding = 4; lastKnownFileType = text; path = paths.cfg; sourceTree = "<group>"; };
		DD4DB18616D1B248005C714B /* MoxConfigWindow.h */ = {isa = PBXFileReference; fileEncoding = 4; lastKnownFileType = sourcecode.c.h; path = MoxConfigWindow.h; sourceTree = "<group>"; };
		DD4DB18716D1B248005C714B /* MoxConfigWindow.m */ = {isa = PBXFileReference; fileEncoding = 4; lastKnownFileType = sourcecode.c.objc; path = MoxConfigWindow.m; sourceTree = "<group>"; };
		DD4DB18816D1B248005C714B /* MoxConfigWindow.xib */ = {isa = PBXFileReference; fileEncoding = 4; lastKnownFileType = file.xib; path = MoxConfigWindow.xib; sourceTree = "<group>"; };
		DD4DB1CB16D27CC2005C714B /* MOXConfigData.h */ = {isa = PBXFileReference; fileEncoding = 4; lastKnownFileType = sourcecode.c.h; path = MOXConfigData.h; sourceTree = "<group>"; };
		DD4DB1CC16D27CC2005C714B /* MOXConfigData.m */ = {isa = PBXFileReference; fileEncoding = 4; lastKnownFileType = sourcecode.c.objc; path = MOXConfigData.m; sourceTree = "<group>"; };
		DDA63CF816CEB8C50093F596 /* MOX.app */ = {isa = PBXFileReference; explicitFileType = wrapper.application; includeInIndex = 0; path = MOX.app; sourceTree = BUILT_PRODUCTS_DIR; };
		DDA63CFC16CEB8C50093F596 /* Cocoa.framework */ = {isa = PBXFileReference; lastKnownFileType = wrapper.framework; name = Cocoa.framework; path = System/Library/Frameworks/Cocoa.framework; sourceTree = SDKROOT; };
		DDA63CFF16CEB8C50093F596 /* AppKit.framework */ = {isa = PBXFileReference; lastKnownFileType = wrapper.framework; name = AppKit.framework; path = System/Library/Frameworks/AppKit.framework; sourceTree = SDKROOT; };
		DDA63D0016CEB8C50093F596 /* CoreData.framework */ = {isa = PBXFileReference; lastKnownFileType = wrapper.framework; name = CoreData.framework; path = System/Library/Frameworks/CoreData.framework; sourceTree = SDKROOT; };
		DDA63D0116CEB8C50093F596 /* Foundation.framework */ = {isa = PBXFileReference; lastKnownFileType = wrapper.framework; name = Foundation.framework; path = System/Library/Frameworks/Foundation.framework; sourceTree = SDKROOT; };
		DDA63D0416CEB8C50093F596 /* MOX-Info.plist */ = {isa = PBXFileReference; lastKnownFileType = text.plist.xml; path = "MOX-Info.plist"; sourceTree = "<group>"; };
		DDA63D0616CEB8C50093F596 /* en */ = {isa = PBXFileReference; lastKnownFileType = text.plist.strings; name = en; path = en.lproj/InfoPlist.strings; sourceTree = "<group>"; };
		DDA63D0816CEB8C50093F596 /* main.m */ = {isa = PBXFileReference; lastKnownFileType = sourcecode.c.objc; path = main.m; sourceTree = "<group>"; };
		DDA63D0A16CEB8C50093F596 /* MOX-Prefix.pch */ = {isa = PBXFileReference; lastKnownFileType = sourcecode.c.h; path = "MOX-Prefix.pch"; sourceTree = "<group>"; };
		DDA63D0C16CEB8C50093F596 /* en */ = {isa = PBXFileReference; lastKnownFileType = text.rtf; name = en; path = en.lproj/Credits.rtf; sourceTree = "<group>"; };
		DDA63D0E16CEB8C50093F596 /* MOXAppDelegate.h */ = {isa = PBXFileReference; lastKnownFileType = sourcecode.c.h; path = MOXAppDelegate.h; sourceTree = "<group>"; };
		DDA63D0F16CEB8C50093F596 /* MOXAppDelegate.m */ = {isa = PBXFileReference; lastKnownFileType = sourcecode.c.objc; path = MOXAppDelegate.m; sourceTree = "<group>"; };
		DDA63D1216CEB8C60093F596 /* en */ = {isa = PBXFileReference; lastKnownFileType = file.xib; name = en; path = en.lproj/MainMenu.xib; sourceTree = "<group>"; };
		DDA63D1916CEB8C60093F596 /* MOXTests.octest */ = {isa = PBXFileReference; explicitFileType = wrapper.cfbundle; includeInIndex = 0; path = MOXTests.octest; sourceTree = BUILT_PRODUCTS_DIR; };
		DDA63D1A16CEB8C60093F596 /* SenTestingKit.framework */ = {isa = PBXFileReference; lastKnownFileType = wrapper.framework; name = SenTestingKit.framework; path = Library/Frameworks/SenTestingKit.framework; sourceTree = DEVELOPER_DIR; };
		DDA63D2116CEB8C60093F596 /* MOXTests-Info.plist */ = {isa = PBXFileReference; lastKnownFileType = text.plist.xml; path = "MOXTests-Info.plist"; sourceTree = "<group>"; };
		DDA63D2316CEB8C60093F596 /* en */ = {isa = PBXFileReference; lastKnownFileType = text.plist.strings; name = en; path = en.lproj/InfoPlist.strings; sourceTree = "<group>"; };
		DDA63D2516CEB8C60093F596 /* MOXTests.h */ = {isa = PBXFileReference; lastKnownFileType = sourcecode.c.h; path = MOXTests.h; sourceTree = "<group>"; };
		DDA63D2616CEB8C60093F596 /* MOXTests.m */ = {isa = PBXFileReference; lastKnownFileType = sourcecode.c.objc; path = MOXTests.m; sourceTree = "<group>"; };
		DDF9337716CEECCF0020F299 /* MOXMasterViewController.h */ = {isa = PBXFileReference; fileEncoding = 4; lastKnownFileType = sourcecode.c.h; path = MOXMasterViewController.h; sourceTree = "<group>"; };
		DDF9337816CEECCF0020F299 /* MOXMasterViewController.m */ = {isa = PBXFileReference; fileEncoding = 4; lastKnownFileType = sourcecode.c.objc; path = MOXMasterViewController.m; sourceTree = "<group>"; };
		DDF9337916CEECCF0020F299 /* MOXMasterViewController.xib */ = {isa = PBXFileReference; fileEncoding = 4; lastKnownFileType = file.xib; path = MOXMasterViewController.xib; sourceTree = "<group>"; };
/* End PBXFileReference section */

/* Begin PBXFrameworksBuildPhase section */
		DDA63CF516CEB8C50093F596 /* Frameworks */ = {
			isa = PBXFrameworksBuildPhase;
			buildActionMask = 2147483647;
			files = (
				DD036B4416D3CF050050B001 /* libsqlite3.dylib in Frameworks */,
				DDA63CFD16CEB8C50093F596 /* Cocoa.framework in Frameworks */,
			);
			runOnlyForDeploymentPostprocessing = 0;
		};
		DDA63D1516CEB8C60093F596 /* Frameworks */ = {
			isa = PBXFrameworksBuildPhase;
			buildActionMask = 2147483647;
			files = (
				DDA63D1B16CEB8C60093F596 /* SenTestingKit.framework in Frameworks */,
				DDA63D1C16CEB8C60093F596 /* Cocoa.framework in Frameworks */,
			);
			runOnlyForDeploymentPostprocessing = 0;
		};
/* End PBXFrameworksBuildPhase section */

/* Begin PBXGroup section */
		DD036B5116D471FA0050B001 /* Imagen */ = {
			isa = PBXGroup;
			children = (
				DD26369B16D51EA800C235BC /* Logomox.icns */,
				DD036B5416D475DD0050B001 /* noimage.png */,
			);
			name = Imagen;
			sourceTree = "<group>";
		};
		DD245B2E16CF16BE00F37A3E /* GUI */ = {
			isa = PBXGroup;
			children = (
				DDA63D0E16CEB8C50093F596 /* MOXAppDelegate.h */,
				DDA63D0F16CEB8C50093F596 /* MOXAppDelegate.m */,
				DDA63D1116CEB8C60093F596 /* MainMenu.xib */,
				DDF9337716CEECCF0020F299 /* MOXMasterViewController.h */,
				DDF9337816CEECCF0020F299 /* MOXMasterViewController.m */,
				DDF9337916CEECCF0020F299 /* MOXMasterViewController.xib */,
				DD4DB18616D1B248005C714B /* MoxConfigWindow.h */,
				DD4DB18716D1B248005C714B /* MoxConfigWindow.m */,
				DD4DB18816D1B248005C714B /* MoxConfigWindow.xib */,
			);
			name = GUI;
			sourceTree = "<group>";
		};
		DD245B3016CF170100F37A3E /* Modelos */ = {
			isa = PBXGroup;
			children = (
				DD245B3116CF186C00F37A3E /* MoxGame.h */,
				DD245B3216CF186C00F37A3E /* MoxGame.m */,
				DD4DB1CB16D27CC2005C714B /* MOXConfigData.h */,
				DD4DB1CC16D27CC2005C714B /* MOXConfigData.m */,
			);
			name = Modelos;
			sourceTree = "<group>";
		};
		DD3DFA1616D537EB003E13A4 /* SettingFiles */ = {
			isa = PBXGroup;
			children = (
				DD3DFA1916D54226003E13A4 /* gamelist.cfg */,
				DD3DFA1B16D54553003E13A4 /* paths.cfg */,
			);
			name = SettingFiles;
			path = ..;
			sourceTree = "<group>";
		};
		DD4DB18516D1B07A005C714B /* XML */ = {
			isa = PBXGroup;
			children = (
				DD036B4B16D409200050B001 /* TBXML.m */,
				DD036B4816D409100050B001 /* TBXML.h */,
			);
			name = XML;
			sourceTree = "<group>";
		};
		DDA63CED16CEB8C50093F596 = {
			isa = PBXGroup;
			children = (
				DD26369D16D51ED100C235BC /* Logomox.icns */,
				DD036B5616D4778C0050B001 /* noimage.png */,
				DDA63D0216CEB8C50093F596 /* MOX */,
				DDA63D1F16CEB8C60093F596 /* MOXTests */,
				DDA63CFB16CEB8C50093F596 /* Frameworks */,
				DDA63CF916CEB8C50093F596 /* Products */,
			);
			sourceTree = "<group>";
		};
		DDA63CF916CEB8C50093F596 /* Products */ = {
			isa = PBXGroup;
			children = (
				DDA63CF816CEB8C50093F596 /* MOX.app */,
				DDA63D1916CEB8C60093F596 /* MOXTests.octest */,
			);
			name = Products;
			sourceTree = "<group>";
		};
		DDA63CFB16CEB8C50093F596 /* Frameworks */ = {
			isa = PBXGroup;
			children = (
				DD036B4316D3CF050050B001 /* libsqlite3.dylib */,
				DDA63CFC16CEB8C50093F596 /* Cocoa.framework */,
				DDA63D1A16CEB8C60093F596 /* SenTestingKit.framework */,
				DDA63CFE16CEB8C50093F596 /* Other Frameworks */,
			);
			name = Frameworks;
			sourceTree = "<group>";
		};
		DDA63CFE16CEB8C50093F596 /* Other Frameworks */ = {
			isa = PBXGroup;
			children = (
				DDA63CFF16CEB8C50093F596 /* AppKit.framework */,
				DDA63D0016CEB8C50093F596 /* CoreData.framework */,
				DDA63D0116CEB8C50093F596 /* Foundation.framework */,
			);
			name = "Other Frameworks";
			sourceTree = "<group>";
		};
		DDA63D0216CEB8C50093F596 /* MOX */ = {
			isa = PBXGroup;
			children = (
				DD3DFA1616D537EB003E13A4 /* SettingFiles */,
				DD036B5116D471FA0050B001 /* Imagen */,
				DD4DB18516D1B07A005C714B /* XML */,
				DD245B3016CF170100F37A3E /* Modelos */,
				DD245B2E16CF16BE00F37A3E /* GUI */,
				DDA63D0316CEB8C50093F596 /* Supporting Files */,
			);
			path = MOX;
			sourceTree = "<group>";
		};
		DDA63D0316CEB8C50093F596 /* Supporting Files */ = {
			isa = PBXGroup;
			children = (
				DDA63D0416CEB8C50093F596 /* MOX-Info.plist */,
				DDA63D0516CEB8C50093F596 /* InfoPlist.strings */,
				DDA63D0816CEB8C50093F596 /* main.m */,
				DDA63D0A16CEB8C50093F596 /* MOX-Prefix.pch */,
				DDA63D0B16CEB8C50093F596 /* Credits.rtf */,
			);
			name = "Supporting Files";
			sourceTree = "<group>";
		};
		DDA63D1F16CEB8C60093F596 /* MOXTests */ = {
			isa = PBXGroup;
			children = (
				DDA63D2516CEB8C60093F596 /* MOXTests.h */,
				DDA63D2616CEB8C60093F596 /* MOXTests.m */,
				DDA63D2016CEB8C60093F596 /* Supporting Files */,
			);
			path = MOXTests;
			sourceTree = "<group>";
		};
		DDA63D2016CEB8C60093F596 /* Supporting Files */ = {
			isa = PBXGroup;
			children = (
				DDA63D2116CEB8C60093F596 /* MOXTests-Info.plist */,
				DDA63D2216CEB8C60093F596 /* InfoPlist.strings */,
			);
			name = "Supporting Files";
			sourceTree = "<group>";
		};
/* End PBXGroup section */

/* Begin PBXNativeTarget section */
		DDA63CF716CEB8C50093F596 /* MOX */ = {
			isa = PBXNativeTarget;
			buildConfigurationList = DDA63D2A16CEB8C60093F596 /* Build configuration list for PBXNativeTarget "MOX" */;
			buildPhases = (
				DDA63CF416CEB8C50093F596 /* Sources */,
				DDA63CF516CEB8C50093F596 /* Frameworks */,
				DDA63CF616CEB8C50093F596 /* Resources */,
			);
			buildRules = (
				DD036B4716D4007F0050B001 /* PBXBuildRule */,
			);
			dependencies = (
			);
			name = MOX;
			productName = MOX;
			productReference = DDA63CF816CEB8C50093F596 /* MOX.app */;
			productType = "com.apple.product-type.application";
		};
		DDA63D1816CEB8C60093F596 /* MOXTests */ = {
			isa = PBXNativeTarget;
			buildConfigurationList = DDA63D2D16CEB8C60093F596 /* Build configuration list for PBXNativeTarget "MOXTests" */;
			buildPhases = (
				DDA63D1416CEB8C60093F596 /* Sources */,
				DDA63D1516CEB8C60093F596 /* Frameworks */,
				DDA63D1616CEB8C60093F596 /* Resources */,
				DDA63D1716CEB8C60093F596 /* ShellScript */,
			);
			buildRules = (
			);
			dependencies = (
				DDA63D1E16CEB8C60093F596 /* PBXTargetDependency */,
			);
			name = MOXTests;
			productName = MOXTests;
			productReference = DDA63D1916CEB8C60093F596 /* MOXTests.octest */;
			productType = "com.apple.product-type.bundle";
		};
/* End PBXNativeTarget section */

/* Begin PBXProject section */
		DDA63CEF16CEB8C50093F596 /* Project object */ = {
			isa = PBXProject;
			attributes = {
				CLASSPREFIX = MOX;
				LastUpgradeCheck = 0450;
				ORGANIZATIONNAME = "Victor Lucero";
			};
			buildConfigurationList = DDA63CF216CEB8C50093F596 /* Build configuration list for PBXProject "MOX" */;
			compatibilityVersion = "Xcode 3.2";
			developmentRegion = English;
			hasScannedForEncodings = 0;
			knownRegions = (
				en,
			);
			mainGroup = DDA63CED16CEB8C50093F596;
			productRefGroup = DDA63CF916CEB8C50093F596 /* Products */;
			projectDirPath = "";
			projectRoot = "";
			targets = (
				DDA63CF716CEB8C50093F596 /* MOX */,
				DDA63D1816CEB8C60093F596 /* MOXTests */,
			);
		};
/* End PBXProject section */

/* Begin PBXResourcesBuildPhase section */
		DDA63CF616CEB8C50093F596 /* Resources */ = {
			isa = PBXResourcesBuildPhase;
			buildActionMask = 2147483647;
			files = (
				DDA63D0716CEB8C50093F596 /* InfoPlist.strings in Resources */,
				DDA63D0D16CEB8C50093F596 /* Credits.rtf in Resources */,
				DDA63D1316CEB8C60093F596 /* MainMenu.xib in Resources */,
				DDF9337B16CEECCF0020F299 /* MOXMasterViewController.xib in Resources */,
				DD4DB18A16D1B248005C714B /* MoxConfigWindow.xib in Resources */,
				DD036B5516D475DD0050B001 /* noimage.png in Resources */,
				DD036B5716D4778D0050B001 /* noimage.png in Resources */,
				DD26369C16D51EA800C235BC /* Logomox.icns in Resources */,
				DD26369E16D51ED100C235BC /* Logomox.icns in Resources */,
				DD3DFA1A16D54226003E13A4 /* gamelist.cfg in Resources */,
				DD3DFA1C16D54553003E13A4 /* paths.cfg in Resources */,
			);
			runOnlyForDeploymentPostprocessing = 0;
		};
		DDA63D1616CEB8C60093F596 /* Resources */ = {
			isa = PBXResourcesBuildPhase;
			buildActionMask = 2147483647;
			files = (
				DDA63D2416CEB8C60093F596 /* InfoPlist.strings in Resources */,
			);
			runOnlyForDeploymentPostprocessing = 0;
		};
/* End PBXResourcesBuildPhase section */

/* Begin PBXShellScriptBuildPhase section */
		DDA63D1716CEB8C60093F596 /* ShellScript */ = {
			isa = PBXShellScriptBuildPhase;
			buildActionMask = 2147483647;
			files = (
			);
			inputPaths = (
			);
			outputPaths = (
			);
			runOnlyForDeploymentPostprocessing = 0;
			shellPath = /bin/sh;
			shellScript = "# Run the unit tests in this test bundle.\n\"${SYSTEM_DEVELOPER_DIR}/Tools/RunUnitTests\"\n";
		};
/* End PBXShellScriptBuildPhase section */

/* Begin PBXSourcesBuildPhase section */
		DDA63CF416CEB8C50093F596 /* Sources */ = {
			isa = PBXSourcesBuildPhase;
			buildActionMask = 2147483647;
			files = (
				DDA63D0916CEB8C50093F596 /* main.m in Sources */,
				DDA63D1016CEB8C50093F596 /* MOXAppDelegate.m in Sources */,
				DDF9337A16CEECCF0020F299 /* MOXMasterViewController.m in Sources */,
				DD245B3316CF186C00F37A3E /* MoxGame.m in Sources */,
				DD4DB18916D1B248005C714B /* MoxConfigWindow.m in Sources */,
				DD4DB1CD16D27CC2005C714B /* MOXConfigData.m in Sources */,
				DD036B4E16D409200050B001 /* TBXML.m in Sources */,
			);
			runOnlyForDeploymentPostprocessing = 0;
		};
		DDA63D1416CEB8C60093F596 /* Sources */ = {
			isa = PBXSourcesBuildPhase;
			buildActionMask = 2147483647;
			files = (
				DDA63D2716CEB8C60093F596 /* MOXTests.m in Sources */,
			);
			runOnlyForDeploymentPostprocessing = 0;
		};
/* End PBXSourcesBuildPhase section */

/* Begin PBXTargetDependency section */
		DDA63D1E16CEB8C60093F596 /* PBXTargetDependency */ = {
			isa = PBXTargetDependency;
			target = DDA63CF716CEB8C50093F596 /* MOX */;
			targetProxy = DDA63D1D16CEB8C60093F596 /* PBXContainerItemProxy */;
		};
/* End PBXTargetDependency section */

/* Begin PBXVariantGroup section */
		DDA63D0516CEB8C50093F596 /* InfoPlist.strings */ = {
			isa = PBXVariantGroup;
			children = (
				DDA63D0616CEB8C50093F596 /* en */,
			);
			name = InfoPlist.strings;
			sourceTree = "<group>";
		};
		DDA63D0B16CEB8C50093F596 /* Credits.rtf */ = {
			isa = PBXVariantGroup;
			children = (
				DDA63D0C16CEB8C50093F596 /* en */,
			);
			name = Credits.rtf;
			sourceTree = "<group>";
		};
		DDA63D1116CEB8C60093F596 /* MainMenu.xib */ = {
			isa = PBXVariantGroup;
			children = (
				DDA63D1216CEB8C60093F596 /* en */,
			);
			name = MainMenu.xib;
			sourceTree = "<group>";
		};
		DDA63D2216CEB8C60093F596 /* InfoPlist.strings */ = {
			isa = PBXVariantGroup;
			children = (
				DDA63D2316CEB8C60093F596 /* en */,
			);
			name = InfoPlist.strings;
			sourceTree = "<group>";
		};
/* End PBXVariantGroup section */

/* Begin XCBuildConfiguration section */
		DDA63D2816CEB8C60093F596 /* Debug */ = {
			isa = XCBuildConfiguration;
			buildSettings = {
				ALWAYS_SEARCH_USER_PATHS = NO;
				ARCHS = "$(ARCHS_STANDARD_64_BIT)";
				CLANG_CXX_LANGUAGE_STANDARD = "gnu++0x";
				CLANG_CXX_LIBRARY = "libc++";
				CLANG_ENABLE_OBJC_ARC = YES;
				CLANG_WARN_EMPTY_BODY = YES;
				CLANG_WARN__DUPLICATE_METHOD_MATCH = YES;
				COPY_PHASE_STRIP = NO;
				GCC_C_LANGUAGE_STANDARD = gnu99;
				GCC_DYNAMIC_NO_PIC = NO;
				GCC_ENABLE_OBJC_EXCEPTIONS = YES;
				GCC_OPTIMIZATION_LEVEL = 0;
				GCC_PREPROCESSOR_DEFINITIONS = (
					"DEBUG=1",
					"$(inherited)",
				);
				GCC_SYMBOLS_PRIVATE_EXTERN = NO;
				GCC_WARN_64_TO_32_BIT_CONVERSION = YES;
				GCC_WARN_ABOUT_RETURN_TYPE = YES;
				GCC_WARN_UNINITIALIZED_AUTOS = YES;
				GCC_WARN_UNUSED_VARIABLE = YES;
				HEADER_SEARCH_PATHS = /usr/include/libxml2;
				MACOSX_DEPLOYMENT_TARGET = 10.8;
				ONLY_ACTIVE_ARCH = YES;
				OTHER_LDFLAGS = "";
				SDKROOT = macosx;
			};
			name = Debug;
		};
		DDA63D2916CEB8C60093F596 /* Release */ = {
			isa = XCBuildConfiguration;
			buildSettings = {
				ALWAYS_SEARCH_USER_PATHS = NO;
				ARCHS = "$(ARCHS_STANDARD_64_BIT)";
				CLANG_CXX_LANGUAGE_STANDARD = "gnu++0x";
				CLANG_CXX_LIBRARY = "libc++";
				CLANG_ENABLE_OBJC_ARC = YES;
				CLANG_WARN_EMPTY_BODY = YES;
				CLANG_WARN__DUPLICATE_METHOD_MATCH = YES;
				COPY_PHASE_STRIP = YES;
				DEBUG_INFORMATION_FORMAT = "dwarf-with-dsym";
				GCC_C_LANGUAGE_STANDARD = gnu99;
				GCC_ENABLE_OBJC_EXCEPTIONS = YES;
				GCC_WARN_64_TO_32_BIT_CONVERSION = YES;
				GCC_WARN_ABOUT_RETURN_TYPE = YES;
				GCC_WARN_UNINITIALIZED_AUTOS = YES;
				GCC_WARN_UNUSED_VARIABLE = YES;
				HEADER_SEARCH_PATHS = /usr/include/libxml2;
				MACOSX_DEPLOYMENT_TARGET = 10.8;
				OTHER_LDFLAGS = "";
				SDKROOT = macosx;
			};
			name = Release;
		};
		DDA63D2B16CEB8C60093F596 /* Debug */ = {
			isa = XCBuildConfiguration;
			buildSettings = {
				COMBINE_HIDPI_IMAGES = YES;
				GCC_PRECOMPILE_PREFIX_HEADER = YES;
				GCC_PREFIX_HEADER = "MOX/MOX-Prefix.pch";
				INFOPLIST_FILE = "MOX/MOX-Info.plist";
				OTHER_LDFLAGS = "";
				PRODUCT_NAME = "$(TARGET_NAME)";
				WRAPPER_EXTENSION = app;
			};
			name = Debug;
		};
		DDA63D2C16CEB8C60093F596 /* Release */ = {
			isa = XCBuildConfiguration;
			buildSettings = {
				COMBINE_HIDPI_IMAGES = YES;
				GCC_PRECOMPILE_PREFIX_HEADER = YES;
				GCC_PREFIX_HEADER = "MOX/MOX-Prefix.pch";
				INFOPLIST_FILE = "MOX/MOX-Info.plist";
				OTHER_LDFLAGS = "";
				PRODUCT_NAME = "$(TARGET_NAME)";
				WRAPPER_EXTENSION = app;
			};
			name = Release;
		};
		DDA63D2E16CEB8C60093F596 /* Debug */ = {
			isa = XCBuildConfiguration;
			buildSettings = {
				BUNDLE_LOADER = "$(BUILT_PRODUCTS_DIR)/MOX.app/Contents/MacOS/MOX";
				COMBINE_HIDPI_IMAGES = YES;
				FRAMEWORK_SEARCH_PATHS = "\"$(DEVELOPER_LIBRARY_DIR)/Frameworks\"";
				GCC_PRECOMPILE_PREFIX_HEADER = YES;
				GCC_PREFIX_HEADER = "MOX/MOX-Prefix.pch";
				INFOPLIST_FILE = "MOXTests/MOXTests-Info.plist";
				PRODUCT_NAME = "$(TARGET_NAME)";
				TEST_HOST = "$(BUNDLE_LOADER)";
				WRAPPER_EXTENSION = octest;
			};
			name = Debug;
		};
		DDA63D2F16CEB8C60093F596 /* Release */ = {
			isa = XCBuildConfiguration;
			buildSettings = {
				BUNDLE_LOADER = "$(BUILT_PRODUCTS_DIR)/MOX.app/Contents/MacOS/MOX";
				COMBINE_HIDPI_IMAGES = YES;
				FRAMEWORK_SEARCH_PATHS = "\"$(DEVELOPER_LIBRARY_DIR)/Frameworks\"";
				GCC_PRECOMPILE_PREFIX_HEADER = YES;
				GCC_PREFIX_HEADER = "MOX/MOX-Prefix.pch";
				INFOPLIST_FILE = "MOXTests/MOXTests-Info.plist";
				PRODUCT_NAME = "$(TARGET_NAME)";
				TEST_HOST = "$(BUNDLE_LOADER)";
				WRAPPER_EXTENSION = octest;
			};
			name = Release;
		};
/* End XCBuildConfiguration section */

/* Begin XCConfigurationList section */
		DDA63CF216CEB8C50093F596 /* Build configuration list for PBXProject "MOX" */ = {
			isa = XCConfigurationList;
			buildConfigurations = (
				DDA63D2816CEB8C60093F596 /* Debug */,
				DDA63D2916CEB8C60093F596 /* Release */,
			);
			defaultConfigurationIsVisible = 0;
			defaultConfigurationName = Release;
		};
		DDA63D2A16CEB8C60093F596 /* Build configuration list for PBXNativeTarget "MOX" */ = {
			isa = XCConfigurationList;
			buildConfigurations = (
				DDA63D2B16CEB8C60093F596 /* Debug */,
				DDA63D2C16CEB8C60093F596 /* Release */,
			);
			defaultConfigurationIsVisible = 0;
			defaultConfigurationName = Release;
		};
		DDA63D2D16CEB8C60093F596 /* Build configuration list for PBXNativeTarget "MOXTests" */ = {
			isa = XCConfigurationList;
			buildConfigurations = (
				DDA63D2E16CEB8C60093F596 /* Debug */,
				DDA63D2F16CEB8C60093F596 /* Release */,
			);
			defaultConfigurationIsVisible = 0;
			defaultConfigurationName = Release;
		};
/* End XCConfigurationList section */
	};
	rootObject = DDA63CEF16CEB8C50093F596 /* Project object */;
}
